
Microsoft Visual Studio Solution File, Format Version 12.00
# Visual Studio 15
VisualStudioVersion = 15.0.28307.1433
MinimumVisualStudioVersion = 10.0.40219.1
Project("{FAE04EC0-301F-11D3-BF4B-00C04F79EFBC}") = "Sneha_DL", "Sneha_DL\Sneha_DL.csproj", "{212E74C4-5D57-4F05-9EC5-676F19CF0785}"
EndProject
Project("{FAE04EC0-301F-11D3-BF4B-00C04F79EFBC}") = "Sneha_BL", "Sneha_BL\Sneha_BL.csproj", "{E5AA55D4-FAD5-4E30-A28B-DA28134AFC56}"
EndProject
Project("{FAE04EC0-301F-11D3-BF4B-00C04F79EFBC}") = "SnehaProject", "SnehaProject\SnehaProject.csproj", "{F232D4E1-B983-428F-969D-AC3C082986AE}"
EndProject
Global
	GlobalSection(SolutionConfigurationPlatforms) = preSolution
		Debug|Any CPU = Debug|Any CPU
		Release|Any CPU = Release|Any CPU
	EndGlobalSection
	GlobalSection(ProjectConfigurationPlatforms) = postSolution
		{212E74C4-5D57-4F05-9EC5-676F19CF0785}.Debug|Any CPU.ActiveCfg = Debug|Any CPU
		{212E74C4-5D57-4F05-9EC5-676F19CF0785}.Debug|Any CPU.Build.0 = Debug|Any CPU
		{212E74C4-5D57-4F05-9EC5-676F19CF0785}.Release|Any CPU.ActiveCfg = Release|Any CPU
		{212E74C4-5D57-4F05-9EC5-676F19CF0785}.Release|Any CPU.Build.0 = Release|Any CPU
		{E5AA55D4-FAD5-4E30-A28B-DA28134AFC56}.Debug|Any CPU.ActiveCfg = Debug|Any CPU
		{E5AA55D4-FAD5-4E30-A28B-DA28134AFC56}.Debug|Any CPU.Build.0 = Debug|Any CPU
		{E5AA55D4-FAD5-4E30-A28B-DA28134AFC56}.Release|Any CPU.ActiveCfg = Release|Any CPU
		{E5AA55D4-FAD5-4E30-A28B-DA28134AFC56}.Release|Any CPU.Build.0 = Release|Any CPU
		{F232D4E1-B983-428F-969D-AC3C082986AE}.Debug|Any CPU.ActiveCfg = Debug|Any CPU
		{F232D4E1-B983-428F-969D-AC3C082986AE}.Debug|Any CPU.Build.0 = Debug|Any CPU
		{F232D4E1-B983-428F-969D-AC3C082986AE}.Release|Any CPU.ActiveCfg = Release|Any CPU
		{F232D4E1-B983-428F-969D-AC3C082986AE}.Release|Any CPU.Build.0 = Release|Any CPU
	EndGlobalSection
	GlobalSection(SolutionProperties) = preSolution
		HideSolutionNode = FALSE
	EndGlobalSection
	GlobalSection(ExtensibilityGlobals) = postSolution
		SolutionGuid = {4AEF31E3-C420-4677-A81F-87AF1B81C68A}
	EndGlobalSection
EndGlobal
